// !$*UTF8*$!
{
	archiveVersion = 1;
	classes = {
	};
	objectVersion = 55;
	objects = {

/* Begin PBXBuildFile section */
		CC3F66FB298B493E00DA41CC /* HomeView.swift in Sources */ = {isa = PBXBuildFile; fileRef = CC3F66FA298B493E00DA41CC /* HomeView.swift */; };
		CC3F66FD298B4A9500DA41CC /* FaqView.swift in Sources */ = {isa = PBXBuildFile; fileRef = CC3F66FC298B4A9500DA41CC /* FaqView.swift */; };
		CC561B5A298B53D4003A7E9C /* PayView.swift in Sources */ = {isa = PBXBuildFile; fileRef = CC561B59298B53D4003A7E9C /* PayView.swift */; };
		CC561B5E298B6DDE003A7E9C /* HistoryView.swift in Sources */ = {isa = PBXBuildFile; fileRef = CC561B5D298B6DDE003A7E9C /* HistoryView.swift */; };
		CCE2049629856320009D636F /* Bancolombia_KillerApp.swift in Sources */ = {isa = PBXBuildFile; fileRef = CCE2049529856320009D636F /* Bancolombia_KillerApp.swift */; };
		CCE2049829856320009D636F /* ContentView.swift in Sources */ = {isa = PBXBuildFile; fileRef = CCE2049729856320009D636F /* ContentView.swift */; };
		CCE2049A29856323009D636F /* Assets.xcassets in Resources */ = {isa = PBXBuildFile; fileRef = CCE2049929856323009D636F /* Assets.xcassets */; };
		CCE2049D29856323009D636F /* Preview Assets.xcassets in Resources */ = {isa = PBXBuildFile; fileRef = CCE2049C29856323009D636F /* Preview Assets.xcassets */; };
		CCE2049F29856323009D636F /* Persistence.swift in Sources */ = {isa = PBXBuildFile; fileRef = CCE2049E29856323009D636F /* Persistence.swift */; };
		CCE204A229856323009D636F /* Bancolombia_Killer.xcdatamodeld in Sources */ = {isa = PBXBuildFile; fileRef = CCE204A029856323009D636F /* Bancolombia_Killer.xcdatamodeld */; };
		CCE204AC29856323009D636F /* Bancolombia_KillerTests.swift in Sources */ = {isa = PBXBuildFile; fileRef = CCE204AB29856323009D636F /* Bancolombia_KillerTests.swift */; };
		CCE204B629856323009D636F /* Bancolombia_KillerUITests.swift in Sources */ = {isa = PBXBuildFile; fileRef = CCE204B529856323009D636F /* Bancolombia_KillerUITests.swift */; };
		CCE204B829856323009D636F /* Bancolombia_KillerUITestsLaunchTests.swift in Sources */ = {isa = PBXBuildFile; fileRef = CCE204B729856323009D636F /* Bancolombia_KillerUITestsLaunchTests.swift */; };
		CCE204C729856391009D636F /* LoginView.swift in Sources */ = {isa = PBXBuildFile; fileRef = CCE204C629856391009D636F /* LoginView.swift */; };
/* End PBXBuildFile section */

/* Begin PBXContainerItemProxy section */
		CCE204A829856323009D636F /* PBXContainerItemProxy */ = {
			isa = PBXContainerItemProxy;
			containerPortal = CCE2048A29856320009D636F /* Project object */;
			proxyType = 1;
			remoteGlobalIDString = CCE2049129856320009D636F;
			remoteInfo = Bancolombia_Killer;
		};
		CCE204B229856323009D636F /* PBXContainerItemProxy */ = {
			isa = PBXContainerItemProxy;
			containerPortal = CCE2048A29856320009D636F /* Project object */;
			proxyType = 1;
			remoteGlobalIDString = CCE2049129856320009D636F;
			remoteInfo = Bancolombia_Killer;
		};
/* End PBXContainerItemProxy section */

/* Begin PBXFileReference section */
		CC3F66FA298B493E00DA41CC /* HomeView.swift */ = {isa = PBXFileReference; lastKnownFileType = sourcecode.swift; path = HomeView.swift; sourceTree = "<group>"; };
		CC3F66FC298B4A9500DA41CC /* FaqView.swift */ = {isa = PBXFileReference; lastKnownFileType = sourcecode.swift; path = FaqView.swift; sourceTree = "<group>"; };
		CC561B59298B53D4003A7E9C /* PayView.swift */ = {isa = PBXFileReference; lastKnownFileType = sourcecode.swift; path = PayView.swift; sourceTree = "<group>"; };
		CC561B5D298B6DDE003A7E9C /* HistoryView.swift */ = {isa = PBXFileReference; lastKnownFileType = sourcecode.swift; path = HistoryView.swift; sourceTree = "<group>"; };
		CCE2049229856320009D636F /* Bancolombia_Killer.app */ = {isa = PBXFileReference; explicitFileType = wrapper.application; includeInIndex = 0; path = Bancolombia_Killer.app; sourceTree = BUILT_PRODUCTS_DIR; };
		CCE2049529856320009D636F /* Bancolombia_KillerApp.swift */ = {isa = PBXFileReference; lastKnownFileType = sourcecode.swift; path = Bancolombia_KillerApp.swift; sourceTree = "<group>"; };
		CCE2049729856320009D636F /* ContentView.swift */ = {isa = PBXFileReference; lastKnownFileType = sourcecode.swift; path = ContentView.swift; sourceTree = "<group>"; };
		CCE2049929856323009D636F /* Assets.xcassets */ = {isa = PBXFileReference; lastKnownFileType = folder.assetcatalog; path = Assets.xcassets; sourceTree = "<group>"; };
		CCE2049C29856323009D636F /* Preview Assets.xcassets */ = {isa = PBXFileReference; lastKnownFileType = folder.assetcatalog; path = "Preview Assets.xcassets"; sourceTree = "<group>"; };
		CCE2049E29856323009D636F /* Persistence.swift */ = {isa = PBXFileReference; lastKnownFileType = sourcecode.swift; path = Persistence.swift; sourceTree = "<group>"; };
		CCE204A129856323009D636F /* Bancolombia_Killer.xcdatamodel */ = {isa = PBXFileReference; lastKnownFileType = wrapper.xcdatamodel; path = Bancolombia_Killer.xcdatamodel; sourceTree = "<group>"; };
		CCE204A729856323009D636F /* Bancolombia_KillerTests.xctest */ = {isa = PBXFileReference; explicitFileType = wrapper.cfbundle; includeInIndex = 0; path = Bancolombia_KillerTests.xctest; sourceTree = BUILT_PRODUCTS_DIR; };
		CCE204AB29856323009D636F /* Bancolombia_KillerTests.swift */ = {isa = PBXFileReference; lastKnownFileType = sourcecode.swift; path = Bancolombia_KillerTests.swift; sourceTree = "<group>"; };
		CCE204B129856323009D636F /* Bancolombia_KillerUITests.xctest */ = {isa = PBXFileReference; explicitFileType = wrapper.cfbundle; includeInIndex = 0; path = Bancolombia_KillerUITests.xctest; sourceTree = BUILT_PRODUCTS_DIR; };
		CCE204B529856323009D636F /* Bancolombia_KillerUITests.swift */ = {isa = PBXFileReference; lastKnownFileType = sourcecode.swift; path = Bancolombia_KillerUITests.swift; sourceTree = "<group>"; };
		CCE204B729856323009D636F /* Bancolombia_KillerUITestsLaunchTests.swift */ = {isa = PBXFileReference; lastKnownFileType = sourcecode.swift; path = Bancolombia_KillerUITestsLaunchTests.swift; sourceTree = "<group>"; };
		CCE204C629856391009D636F /* LoginView.swift */ = {isa = PBXFileReference; lastKnownFileType = sourcecode.swift; path = LoginView.swift; sourceTree = "<group>"; };
/* End PBXFileReference section */

/* Begin PBXFrameworksBuildPhase section */
		CCE2048F29856320009D636F /* Frameworks */ = {
			isa = PBXFrameworksBuildPhase;
			buildActionMask = 2147483647;
			files = (
			);
			runOnlyForDeploymentPostprocessing = 0;
		};
		CCE204A429856323009D636F /* Frameworks */ = {
			isa = PBXFrameworksBuildPhase;
			buildActionMask = 2147483647;
			files = (
			);
			runOnlyForDeploymentPostprocessing = 0;
		};
		CCE204AE29856323009D636F /* Frameworks */ = {
			isa = PBXFrameworksBuildPhase;
			buildActionMask = 2147483647;
			files = (
			);
			runOnlyForDeploymentPostprocessing = 0;
		};
/* End PBXFrameworksBuildPhase section */

/* Begin PBXGroup section */
		CCE2048929856320009D636F = {
			isa = PBXGroup;
			children = (
				CCE2049429856320009D636F /* Bancolombia_Killer */,
				CCE204AA29856323009D636F /* Bancolombia_KillerTests */,
				CCE204B429856323009D636F /* Bancolombia_KillerUITests */,
				CCE2049329856320009D636F /* Products */,
			);
			sourceTree = "<group>";
		};
		CCE2049329856320009D636F /* Products */ = {
			isa = PBXGroup;
			children = (
				CCE2049229856320009D636F /* Bancolombia_Killer.app */,
				CCE204A729856323009D636F /* Bancolombia_KillerTests.xctest */,
				CCE204B129856323009D636F /* Bancolombia_KillerUITests.xctest */,
			);
			name = Products;
			sourceTree = "<group>";
		};
		CCE2049429856320009D636F /* Bancolombia_Killer */ = {
			isa = PBXGroup;
			children = (
				CCE2049529856320009D636F /* Bancolombia_KillerApp.swift */,
				CCE2049729856320009D636F /* ContentView.swift */,
				CCE204C629856391009D636F /* LoginView.swift */,
				CC3F66FC298B4A9500DA41CC /* FaqView.swift */,
				CC3F66FA298B493E00DA41CC /* HomeView.swift */,
				CC561B59298B53D4003A7E9C /* PayView.swift */,
				CC561B5D298B6DDE003A7E9C /* HistoryView.swift */,
				CCE2049929856323009D636F /* Assets.xcassets */,
				CCE2049E29856323009D636F /* Persistence.swift */,
				CCE204A029856323009D636F /* Bancolombia_Killer.xcdatamodeld */,
				CCE2049B29856323009D636F /* Preview Content */,
			);
			path = Bancolombia_Killer;
			sourceTree = "<group>";
		};
		CCE2049B29856323009D636F /* Preview Content */ = {
			isa = PBXGroup;
			children = (
				CCE2049C29856323009D636F /* Preview Assets.xcassets */,
			);
			path = "Preview Content";
			sourceTree = "<group>";
		};
		CCE204AA29856323009D636F /* Bancolombia_KillerTests */ = {
			isa = PBXGroup;
			children = (
				CCE204AB29856323009D636F /* Bancolombia_KillerTests.swift */,
			);
			path = Bancolombia_KillerTests;
			sourceTree = "<group>";
		};
		CCE204B429856323009D636F /* Bancolombia_KillerUITests */ = {
			isa = PBXGroup;
			children = (
				CCE204B529856323009D636F /* Bancolombia_KillerUITests.swift */,
				CCE204B729856323009D636F /* Bancolombia_KillerUITestsLaunchTests.swift */,
			);
			path = Bancolombia_KillerUITests;
			sourceTree = "<group>";
		};
/* End PBXGroup section */

/* Begin PBXNativeTarget section */
		CCE2049129856320009D636F /* Bancolombia_Killer */ = {
			isa = PBXNativeTarget;
			buildConfigurationList = CCE204BB29856323009D636F /* Build configuration list for PBXNativeTarget "Bancolombia_Killer" */;
			buildPhases = (
				CCE2048E29856320009D636F /* Sources */,
				CCE2048F29856320009D636F /* Frameworks */,
				CCE2049029856320009D636F /* Resources */,
			);
			buildRules = (
			);
			dependencies = (
			);
			name = Bancolombia_Killer;
			productName = Bancolombia_Killer;
			productReference = CCE2049229856320009D636F /* Bancolombia_Killer.app */;
			productType = "com.apple.product-type.application";
		};
		CCE204A629856323009D636F /* Bancolombia_KillerTests */ = {
			isa = PBXNativeTarget;
			buildConfigurationList = CCE204BE29856323009D636F /* Build configuration list for PBXNativeTarget "Bancolombia_KillerTests" */;
			buildPhases = (
				CCE204A329856323009D636F /* Sources */,
				CCE204A429856323009D636F /* Frameworks */,
				CCE204A529856323009D636F /* Resources */,
			);
			buildRules = (
			);
			dependencies = (
				CCE204A929856323009D636F /* PBXTargetDependency */,
			);
			name = Bancolombia_KillerTests;
			productName = Bancolombia_KillerTests;
			productReference = CCE204A729856323009D636F /* Bancolombia_KillerTests.xctest */;
			productType = "com.apple.product-type.bundle.unit-test";
		};
		CCE204B029856323009D636F /* Bancolombia_KillerUITests */ = {
			isa = PBXNativeTarget;
			buildConfigurationList = CCE204C129856323009D636F /* Build configuration list for PBXNativeTarget "Bancolombia_KillerUITests" */;
			buildPhases = (
				CCE204AD29856323009D636F /* Sources */,
				CCE204AE29856323009D636F /* Frameworks */,
				CCE204AF29856323009D636F /* Resources */,
			);
			buildRules = (
			);
			dependencies = (
				CCE204B329856323009D636F /* PBXTargetDependency */,
			);
			name = Bancolombia_KillerUITests;
			productName = Bancolombia_KillerUITests;
			productReference = CCE204B129856323009D636F /* Bancolombia_KillerUITests.xctest */;
			productType = "com.apple.product-type.bundle.ui-testing";
		};
/* End PBXNativeTarget section */

/* Begin PBXProject section */
		CCE2048A29856320009D636F /* Project object */ = {
			isa = PBXProject;
			attributes = {
				BuildIndependentTargetsInParallel = 1;
				LastSwiftUpdateCheck = 1340;
				LastUpgradeCheck = 1340;
				TargetAttributes = {
					CCE2049129856320009D636F = {
						CreatedOnToolsVersion = 13.4.1;
					};
					CCE204A629856323009D636F = {
						CreatedOnToolsVersion = 13.4.1;
						TestTargetID = CCE2049129856320009D636F;
					};
					CCE204B029856323009D636F = {
						CreatedOnToolsVersion = 13.4.1;
						TestTargetID = CCE2049129856320009D636F;
					};
				};
			};
			buildConfigurationList = CCE2048D29856320009D636F /* Build configuration list for PBXProject "Bancolombia_Killer" */;
			compatibilityVersion = "Xcode 13.0";
			developmentRegion = en;
			hasScannedForEncodings = 0;
			knownRegions = (
				en,
				Base,
			);
			mainGroup = CCE2048929856320009D636F;
			productRefGroup = CCE2049329856320009D636F /* Products */;
			projectDirPath = "";
			projectRoot = "";
			targets = (
				CCE2049129856320009D636F /* Bancolombia_Killer */,
				CCE204A629856323009D636F /* Bancolombia_KillerTests */,
				CCE204B029856323009D636F /* Bancolombia_KillerUITests */,
			);
		};
/* End PBXProject section */

/* Begin PBXResourcesBuildPhase section */
		CCE2049029856320009D636F /* Resources */ = {
			isa = PBXResourcesBuildPhase;
			buildActionMask = 2147483647;
			files = (
				CCE2049D29856323009D636F /* Preview Assets.xcassets in Resources */,
				CCE2049A29856323009D636F /* Assets.xcassets in Resources */,
			);
			runOnlyForDeploymentPostprocessing = 0;
		};
		CCE204A529856323009D636F /* Resources */ = {
			isa = PBXResourcesBuildPhase;
			buildActionMask = 2147483647;
			files = (
			);
			runOnlyForDeploymentPostprocessing = 0;
		};
		CCE204AF29856323009D636F /* Resources */ = {
			isa = PBXResourcesBuildPhase;
			buildActionMask = 2147483647;
			files = (
			);
			runOnlyForDeploymentPostprocessing = 0;
		};
/* End PBXResourcesBuildPhase section */

/* Begin PBXSourcesBuildPhase section */
		CCE2048E29856320009D636F /* Sources */ = {
			isa = PBXSourcesBuildPhase;
			buildActionMask = 2147483647;
			files = (
				CCE204A229856323009D636F /* Bancolombia_Killer.xcdatamodeld in Sources */,
				CCE2049F29856323009D636F /* Persistence.swift in Sources */,
				CC3F66FD298B4A9500DA41CC /* FaqView.swift in Sources */,
				CCE2049829856320009D636F /* ContentView.swift in Sources */,
				CC3F66FB298B493E00DA41CC /* HomeView.swift in Sources */,
				CC561B5A298B53D4003A7E9C /* PayView.swift in Sources */,
				CCE204C729856391009D636F /* LoginView.swift in Sources */,
				CC561B5E298B6DDE003A7E9C /* HistoryView.swift in Sources */,
				CCE2049629856320009D636F /* Bancolombia_KillerApp.swift in Sources */,
			);
			runOnlyForDeploymentPostprocessing = 0;
		};
		CCE204A329856323009D636F /* Sources */ = {
			isa = PBXSourcesBuildPhase;
			buildActionMask = 2147483647;
			files = (
				CCE204AC29856323009D636F /* Bancolombia_KillerTests.swift in Sources */,
			);
			runOnlyForDeploymentPostprocessing = 0;
		};
		CCE204AD29856323009D636F /* Sources */ = {
			isa = PBXSourcesBuildPhase;
			buildActionMask = 2147483647;
			files = (
				CCE204B629856323009D636F /* Bancolombia_KillerUITests.swift in Sources */,
				CCE204B829856323009D636F /* Bancolombia_KillerUITestsLaunchTests.swift in Sources */,
			);
			runOnlyForDeploymentPostprocessing = 0;
		};
/* End PBXSourcesBuildPhase section */

/* Begin PBXTargetDependency section */
		CCE204A929856323009D636F /* PBXTargetDependency */ = {
			isa = PBXTargetDependency;
			target = CCE2049129856320009D636F /* Bancolombia_Killer */;
			targetProxy = CCE204A829856323009D636F /* PBXContainerItemProxy */;
		};
		CCE204B329856323009D636F /* PBXTargetDependency */ = {
			isa = PBXTargetDependency;
			target = CCE2049129856320009D636F /* Bancolombia_Killer */;
			targetProxy = CCE204B229856323009D636F /* PBXContainerItemProxy */;
		};
/* End PBXTargetDependency section */

/* Begin XCBuildConfiguration section */
		CCE204B929856323009D636F /* Debug */ = {
			isa = XCBuildConfiguration;
			buildSettings = {
				ALWAYS_SEARCH_USER_PATHS = NO;
				CLANG_ANALYZER_NONNULL = YES;
				CLANG_ANALYZER_NUMBER_OBJECT_CONVERSION = YES_AGGRESSIVE;
				CLANG_CXX_LANGUAGE_STANDARD = "gnu++17";
				CLANG_ENABLE_MODULES = YES;
				CLANG_ENABLE_OBJC_ARC = YES;
				CLANG_ENABLE_OBJC_WEAK = YES;
				CLANG_WARN_BLOCK_CAPTURE_AUTORELEASING = YES;
				CLANG_WARN_BOOL_CONVERSION = YES;
				CLANG_WARN_COMMA = YES;
				CLANG_WARN_CONSTANT_CONVERSION = YES;
				CLANG_WARN_DEPRECATED_OBJC_IMPLEMENTATIONS = YES;
				CLANG_WARN_DIRECT_OBJC_ISA_USAGE = YES_ERROR;
				CLANG_WARN_DOCUMENTATION_COMMENTS = YES;
				CLANG_WARN_EMPTY_BODY = YES;
				CLANG_WARN_ENUM_CONVERSION = YES;
				CLANG_WARN_INFINITE_RECURSION = YES;
				CLANG_WARN_INT_CONVERSION = YES;
				CLANG_WARN_NON_LITERAL_NULL_CONVERSION = YES;
				CLANG_WARN_OBJC_IMPLICIT_RETAIN_SELF = YES;
				CLANG_WARN_OBJC_LITERAL_CONVERSION = YES;
				CLANG_WARN_OBJC_ROOT_CLASS = YES_ERROR;
				CLANG_WARN_QUOTED_INCLUDE_IN_FRAMEWORK_HEADER = YES;
				CLANG_WARN_RANGE_LOOP_ANALYSIS = YES;
				CLANG_WARN_STRICT_PROTOTYPES = YES;
				CLANG_WARN_SUSPICIOUS_MOVE = YES;
				CLANG_WARN_UNGUARDED_AVAILABILITY = YES_AGGRESSIVE;
				CLANG_WARN_UNREACHABLE_CODE = YES;
				CLANG_WARN__DUPLICATE_METHOD_MATCH = YES;
				COPY_PHASE_STRIP = NO;
				DEBUG_INFORMATION_FORMAT = dwarf;
				ENABLE_STRICT_OBJC_MSGSEND = YES;
				ENABLE_TESTABILITY = YES;
				GCC_C_LANGUAGE_STANDARD = gnu11;
				GCC_DYNAMIC_NO_PIC = NO;
				GCC_NO_COMMON_BLOCKS = YES;
				GCC_OPTIMIZATION_LEVEL = 0;
				GCC_PREPROCESSOR_DEFINITIONS = (
					"DEBUG=1",
					"$(inherited)",
				);
				GCC_WARN_64_TO_32_BIT_CONVERSION = YES;
				GCC_WARN_ABOUT_RETURN_TYPE = YES_ERROR;
				GCC_WARN_UNDECLARED_SELECTOR = YES;
				GCC_WARN_UNINITIALIZED_AUTOS = YES_AGGRESSIVE;
				GCC_WARN_UNUSED_FUNCTION = YES;
				GCC_WARN_UNUSED_VARIABLE = YES;
				IPHONEOS_DEPLOYMENT_TARGET = 15.5;
				MTL_ENABLE_DEBUG_INFO = INCLUDE_SOURCE;
				MTL_FAST_MATH = YES;
				ONLY_ACTIVE_ARCH = YES;
				SDKROOT = iphoneos;
				SWIFT_ACTIVE_COMPILATION_CONDITIONS = DEBUG;
				SWIFT_OPTIMIZATION_LEVEL = "-Onone";
			};
			name = Debug;
		};
		CCE204BA29856323009D636F /* Release */ = {
			isa = XCBuildConfiguration;
			buildSettings = {
				ALWAYS_SEARCH_USER_PATHS = NO;
				CLANG_ANALYZER_NONNULL = YES;
				CLANG_ANALYZER_NUMBER_OBJECT_CONVERSION = YES_AGGRESSIVE;
				CLANG_CXX_LANGUAGE_STANDARD = "gnu++17";
				CLANG_ENABLE_MODULES = YES;
				CLANG_ENABLE_OBJC_ARC = YES;
				CLANG_ENABLE_OBJC_WEAK = YES;
				CLANG_WARN_BLOCK_CAPTURE_AUTORELEASING = YES;
				CLANG_WARN_BOOL_CONVERSION = YES;
				CLANG_WARN_COMMA = YES;
				CLANG_WARN_CONSTANT_CONVERSION = YES;
				CLANG_WARN_DEPRECATED_OBJC_IMPLEMENTATIONS = YES;
				CLANG_WARN_DIRECT_OBJC_ISA_USAGE = YES_ERROR;
				CLANG_WARN_DOCUMENTATION_COMMENTS = YES;
				CLANG_WARN_EMPTY_BODY = YES;
				CLANG_WARN_ENUM_CONVERSION = YES;
				CLANG_WARN_INFINITE_RECURSION = YES;
				CLANG_WARN_INT_CONVERSION = YES;
				CLANG_WARN_NON_LITERAL_NULL_CONVERSION = YES;
				CLANG_WARN_OBJC_IMPLICIT_RETAIN_SELF = YES;
				CLANG_WARN_OBJC_LITERAL_CONVERSION = YES;
				CLANG_WARN_OBJC_ROOT_CLASS = YES_ERROR;
				CLANG_WARN_QUOTED_INCLUDE_IN_FRAMEWORK_HEADER = YES;
				CLANG_WARN_RANGE_LOOP_ANALYSIS = YES;
				CLANG_WARN_STRICT_PROTOTYPES = YES;
				CLANG_WARN_SUSPICIOUS_MOVE = YES;
				CLANG_WARN_UNGUARDED_AVAILABILITY = YES_AGGRESSIVE;
				CLANG_WARN_UNREACHABLE_CODE = YES;
				CLANG_WARN__DUPLICATE_METHOD_MATCH = YES;
				COPY_PHASE_STRIP = NO;
				DEBUG_INFORMATION_FORMAT = "dwarf-with-dsym";
				ENABLE_NS_ASSERTIONS = NO;
				ENABLE_STRICT_OBJC_MSGSEND = YES;
				GCC_C_LANGUAGE_STANDARD = gnu11;
				GCC_NO_COMMON_BLOCKS = YES;
				GCC_WARN_64_TO_32_BIT_CONVERSION = YES;
				GCC_WARN_ABOUT_RETURN_TYPE = YES_ERROR;
				GCC_WARN_UNDECLARED_SELECTOR = YES;
				GCC_WARN_UNINITIALIZED_AUTOS = YES_AGGRESSIVE;
				GCC_WARN_UNUSED_FUNCTION = YES;
				GCC_WARN_UNUSED_VARIABLE = YES;
				IPHONEOS_DEPLOYMENT_TARGET = 15.5;
				MTL_ENABLE_DEBUG_INFO = NO;
				MTL_FAST_MATH = YES;
				SDKROOT = iphoneos;
				SWIFT_COMPILATION_MODE = wholemodule;
				SWIFT_OPTIMIZATION_LEVEL = "-O";
				VALIDATE_PRODUCT = YES;
			};
			name = Release;
		};
		CCE204BC29856323009D636F /* Debug */ = {
			isa = XCBuildConfiguration;
			buildSettings = {
				ASSETCATALOG_COMPILER_APPICON_NAME = AppIcon;
				ASSETCATALOG_COMPILER_GLOBAL_ACCENT_COLOR_NAME = AccentColor;
				CODE_SIGN_STYLE = Automatic;
				CURRENT_PROJECT_VERSION = 1;
				DEVELOPMENT_ASSET_PATHS = "\"Bancolombia_Killer/Preview Content\"";
				ENABLE_PREVIEWS = YES;
				GENERATE_INFOPLIST_FILE = YES;
				INFOPLIST_KEY_UIApplicationSceneManifest_Generation = YES;
				INFOPLIST_KEY_UIApplicationSupportsIndirectInputEvents = YES;
				INFOPLIST_KEY_UILaunchScreen_Generation = YES;
				INFOPLIST_KEY_UISupportedInterfaceOrientations_iPad = "UIInterfaceOrientationPortrait UIInterfaceOrientationPortraitUpsideDown UIInterfaceOrientationLandscapeLeft UIInterfaceOrientationLandscapeRight";
				INFOPLIST_KEY_UISupportedInterfaceOrientations_iPhone = "UIInterfaceOrientationPortrait UIInterfaceOrientationLandscapeLeft UIInterfaceOrientationLandscapeRight";
				LD_RUNPATH_SEARCH_PATHS = (
					"$(inherited)",
					"@executable_path/Frameworks",
				);
				MARKETING_VERSION = 1.0;
				PRODUCT_BUNDLE_IDENTIFIER = "-1.Bancolombia-Killer";
				PRODUCT_NAME = "$(TARGET_NAME)";
				SWIFT_EMIT_LOC_STRINGS = YES;
				SWIFT_VERSION = 5.0;
				TARGETED_DEVICE_FAMILY = "1,2";
			};
			name = Debug;
		};
		CCE204BD29856323009D636F /* Release */ = {
			isa = XCBuildConfiguration;
			buildSettings = {
				ASSETCATALOG_COMPILER_APPICON_NAME = AppIcon;
				ASSETCATALOG_COMPILER_GLOBAL_ACCENT_COLOR_NAME = AccentColor;
				CODE_SIGN_STYLE = Automatic;
				CURRENT_PROJECT_VERSION = 1;
				DEVELOPMENT_ASSET_PATHS = "\"Bancolombia_Killer/Preview Content\"";
				ENABLE_PREVIEWS = YES;
				GENERATE_INFOPLIST_FILE = YES;
				INFOPLIST_KEY_UIApplicationSceneManifest_Generation = YES;
				INFOPLIST_KEY_UIApplicationSupportsIndirectInputEvents = YES;
				INFOPLIST_KEY_UILaunchScreen_Generation = YES;
				INFOPLIST_KEY_UISupportedInterfaceOrientations_iPad = "UIInterfaceOrientationPortrait UIInterfaceOrientationPortraitUpsideDown UIInterfaceOrientationLandscapeLeft UIInterfaceOrientationLandscapeRight";
				INFOPLIST_KEY_UISupportedInterfaceOrientations_iPhone = "UIInterfaceOrientationPortrait UIInterfaceOrientationLandscapeLeft UIInterfaceOrientationLandscapeRight";
				LD_RUNPATH_SEARCH_PATHS = (
					"$(inherited)",
					"@executable_path/Frameworks",
				);
				MARKETING_VERSION = 1.0;
				PRODUCT_BUNDLE_IDENTIFIER = "-1.Bancolombia-Killer";
				PRODUCT_NAME = "$(TARGET_NAME)";
				SWIFT_EMIT_LOC_STRINGS = YES;
				SWIFT_VERSION = 5.0;
				TARGETED_DEVICE_FAMILY = "1,2";
			};
			name = Release;
		};
		CCE204BF29856323009D636F /* Debug */ = {
			isa = XCBuildConfiguration;
			buildSettings = {
				ALWAYS_EMBED_SWIFT_STANDARD_LIBRARIES = YES;
				BUNDLE_LOADER = "$(TEST_HOST)";
				"CODE_SIGN_IDENTITY[sdk=macosx*]" = "Apple Development";
				CODE_SIGN_STYLE = Automatic;
				CURRENT_PROJECT_VERSION = 1;
				DEVELOPMENT_TEAM = RWB9S45ZK6;
				GENERATE_INFOPLIST_FILE = YES;
				IPHONEOS_DEPLOYMENT_TARGET = 15.5;
				MARKETING_VERSION = 1.0;
				PRODUCT_BUNDLE_IDENTIFIER = "-1.Bancolombia-KillerTests";
				PRODUCT_NAME = "$(TARGET_NAME)";
				SWIFT_EMIT_LOC_STRINGS = NO;
				SWIFT_VERSION = 5.0;
				TARGETED_DEVICE_FAMILY = "1,2";
				TEST_HOST = "$(BUILT_PRODUCTS_DIR)/Bancolombia_Killer.app/Bancolombia_Killer";
			};
			name = Debug;
		};
		CCE204C029856323009D636F /* Release */ = {
			isa = XCBuildConfiguration;
			buildSettings = {
				ALWAYS_EMBED_SWIFT_STANDARD_LIBRARIES = YES;
				BUNDLE_LOADER = "$(TEST_HOST)";
				"CODE_SIGN_IDENTITY[sdk=macosx*]" = "Apple Development";
				CODE_SIGN_STYLE = Automatic;
				CURRENT_PROJECT_VERSION = 1;
				DEVELOPMENT_TEAM = RWB9S45ZK6;
				GENERATE_INFOPLIST_FILE = YES;
				IPHONEOS_DEPLOYMENT_TARGET = 15.5;
				MARKETING_VERSION = 1.0;
				PRODUCT_BUNDLE_IDENTIFIER = "-1.Bancolombia-KillerTests";
				PRODUCT_NAME = "$(TARGET_NAME)";
				SWIFT_EMIT_LOC_STRINGS = NO;
				SWIFT_VERSION = 5.0;
				TARGETED_DEVICE_FAMILY = "1,2";
				TEST_HOST = "$(BUILT_PRODUCTS_DIR)/Bancolombia_Killer.app/Bancolombia_Killer";
			};
			name = Release;
		};
		CCE204C229856323009D636F /* Debug */ = {
			isa = XCBuildConfiguration;
			buildSettings = {
				ALWAYS_EMBED_SWIFT_STANDARD_LIBRARIES = YES;
				CODE_SIGN_STYLE = Automatic;
				CURRENT_PROJECT_VERSION = 1;
				GENERATE_INFOPLIST_FILE = YES;
				MARKETING_VERSION = 1.0;
				PRODUCT_BUNDLE_IDENTIFIER = "-1.Bancolombia-KillerUITests";
				PRODUCT_NAME = "$(TARGET_NAME)";
				SWIFT_EMIT_LOC_STRINGS = NO;
				SWIFT_VERSION = 5.0;
				TARGETED_DEVICE_FAMILY = "1,2";
				TEST_TARGET_NAME = Bancolombia_Killer;
			};
			name = Debug;
		};
		CCE204C329856323009D636F /* Release */ = {
			isa = XCBuildConfiguration;
			buildSettings = {
				ALWAYS_EMBED_SWIFT_STANDARD_LIBRARIES = YES;
				CODE_SIGN_STYLE = Automatic;
				CURRENT_PROJECT_VERSION = 1;
				GENERATE_INFOPLIST_FILE = YES;
				MARKETING_VERSION = 1.0;
				PRODUCT_BUNDLE_IDENTIFIER = "-1.Bancolombia-KillerUITests";
				PRODUCT_NAME = "$(TARGET_NAME)";
				SWIFT_EMIT_LOC_STRINGS = NO;
				SWIFT_VERSION = 5.0;
				TARGETED_DEVICE_FAMILY = "1,2";
				TEST_TARGET_NAME = Bancolombia_Killer;
			};
			name = Release;
		};
/* End XCBuildConfiguration section */

/* Begin XCConfigurationList section */
		CCE2048D29856320009D636F /* Build configuration list for PBXProject "Bancolombia_Killer" */ = {
			isa = XCConfigurationList;
			buildConfigurations = (
				CCE204B929856323009D636F /* Debug */,
				CCE204BA29856323009D636F /* Release */,
			);
			defaultConfigurationIsVisible = 0;
			defaultConfigurationName = Release;
		};
		CCE204BB29856323009D636F /* Build configuration list for PBXNativeTarget "Bancolombia_Killer" */ = {
			isa = XCConfigurationList;
			buildConfigurations = (
				CCE204BC29856323009D636F /* Debug */,
				CCE204BD29856323009D636F /* Release */,
			);
			defaultConfigurationIsVisible = 0;
			defaultConfigurationName = Release;
		};
		CCE204BE29856323009D636F /* Build configuration list for PBXNativeTarget "Bancolombia_KillerTests" */ = {
			isa = XCConfigurationList;
			buildConfigurations = (
				CCE204BF29856323009D636F /* Debug */,
				CCE204C029856323009D636F /* Release */,
			);
			defaultConfigurationIsVisible = 0;
			defaultConfigurationName = Release;
		};
		CCE204C129856323009D636F /* Build configuration list for PBXNativeTarget "Bancolombia_KillerUITests" */ = {
			isa = XCConfigurationList;
			buildConfigurations = (
				CCE204C229856323009D636F /* Debug */,
				CCE204C329856323009D636F /* Release */,
			);
			defaultConfigurationIsVisible = 0;
			defaultConfigurationName = Release;
		};
/* End XCConfigurationList section */

/* Begin XCVersionGroup section */
		CCE204A029856323009D636F /* Bancolombia_Killer.xcdatamodeld */ = {
			isa = XCVersionGroup;
			children = (
				CCE204A129856323009D636F /* Bancolombia_Killer.xcdatamodel */,
			);
			currentVersion = CCE204A129856323009D636F /* Bancolombia_Killer.xcdatamodel */;
			path = Bancolombia_Killer.xcdatamodeld;
			sourceTree = "<group>";
			versionGroupType = wrapper.xcdatamodel;
		};
/* End XCVersionGroup section */
	};
	rootObject = CCE2048A29856320009D636F /* Project object */;
}
